// !$*UTF8*$!
{
	archiveVersion = 1;
	classes = {
	};
	objectVersion = 56;
	objects = {

/* Begin PBXBuildFile section */
		1B18F05D2BB94DC800F87C96 /* SwiftUIChallengeApp.swift in Sources */ = {isa = PBXBuildFile; fileRef = 1B18F05C2BB94DC800F87C96 /* SwiftUIChallengeApp.swift */; };
		1B18F05F2BB94DC800F87C96 /* MainView.swift in Sources */ = {isa = PBXBuildFile; fileRef = 1B18F05E2BB94DC800F87C96 /* MainView.swift */; };
		1B18F0612BB94DCA00F87C96 /* Assets.xcassets in Resources */ = {isa = PBXBuildFile; fileRef = 1B18F0602BB94DCA00F87C96 /* Assets.xcassets */; };
		1B18F0642BB94DCA00F87C96 /* Preview Assets.xcassets in Resources */ = {isa = PBXBuildFile; fileRef = 1B18F0632BB94DCA00F87C96 /* Preview Assets.xcassets */; };
		1B18F0A12BB952E400F87C96 /* Movies.json in Resources */ = {isa = PBXBuildFile; fileRef = 1B18F0A02BB952E400F87C96 /* Movies.json */; };
		1B18F0A52BB9531900F87C96 /* Placeholder.swift in Sources */ = {isa = PBXBuildFile; fileRef = 1B18F0A42BB9531900F87C96 /* Placeholder.swift */; };
		1B18F0A82BB9533E00F87C96 /* View+Progress.swift in Sources */ = {isa = PBXBuildFile; fileRef = 1B18F0A72BB9533E00F87C96 /* View+Progress.swift */; };
		1B18F0AA2BB9535300F87C96 /* View+AlertError.swift in Sources */ = {isa = PBXBuildFile; fileRef = 1B18F0A92BB9535300F87C96 /* View+AlertError.swift */; };
		1B18F0AD2BB953B300F87C96 /* Movie.swift in Sources */ = {isa = PBXBuildFile; fileRef = 1B18F0AC2BB953B300F87C96 /* Movie.swift */; };
		1B18F0B12BB9540500F87C96 /* MoviesRequest.swift in Sources */ = {isa = PBXBuildFile; fileRef = 1B18F0B02BB9540500F87C96 /* MoviesRequest.swift */; };
		1B18F0B32BB9541A00F87C96 /* MoviesService.swift in Sources */ = {isa = PBXBuildFile; fileRef = 1B18F0B22BB9541A00F87C96 /* MoviesService.swift */; };
		1B18F0B62BB9546200F87C96 /* Coordinator.swift in Sources */ = {isa = PBXBuildFile; fileRef = 1B18F0B52BB9546200F87C96 /* Coordinator.swift */; };
		1B18F0B92BB954A900F87C96 /* MainViewModel.swift in Sources */ = {isa = PBXBuildFile; fileRef = 1B18F0B82BB954A900F87C96 /* MainViewModel.swift */; };
		1B18F0BD2BB9550000F87C96 /* MoviesListView.swift in Sources */ = {isa = PBXBuildFile; fileRef = 1B18F0BC2BB9550000F87C96 /* MoviesListView.swift */; };
		1B18F0BF2BB9551700F87C96 /* MovieDetailsView.swift in Sources */ = {isa = PBXBuildFile; fileRef = 1B18F0BE2BB9551700F87C96 /* MovieDetailsView.swift */; };
/* End PBXBuildFile section */

/* Begin PBXFileReference section */
		1B18F0592BB94DC800F87C96 /* SwiftUIChallenge.app */ = {isa = PBXFileReference; explicitFileType = wrapper.application; includeInIndex = 0; path = SwiftUIChallenge.app; sourceTree = BUILT_PRODUCTS_DIR; };
		1B18F05C2BB94DC800F87C96 /* SwiftUIChallengeApp.swift */ = {isa = PBXFileReference; lastKnownFileType = sourcecode.swift; path = SwiftUIChallengeApp.swift; sourceTree = "<group>"; };
		1B18F05E2BB94DC800F87C96 /* MainView.swift */ = {isa = PBXFileReference; lastKnownFileType = sourcecode.swift; path = MainView.swift; sourceTree = "<group>"; };
		1B18F0602BB94DCA00F87C96 /* Assets.xcassets */ = {isa = PBXFileReference; lastKnownFileType = folder.assetcatalog; path = Assets.xcassets; sourceTree = "<group>"; };
		1B18F0632BB94DCA00F87C96 /* Preview Assets.xcassets */ = {isa = PBXFileReference; lastKnownFileType = folder.assetcatalog; path = "Preview Assets.xcassets"; sourceTree = "<group>"; };
		1B18F0A02BB952E400F87C96 /* Movies.json */ = {isa = PBXFileReference; fileEncoding = 4; lastKnownFileType = text.json; path = Movies.json; sourceTree = "<group>"; };
		1B18F0A42BB9531900F87C96 /* Placeholder.swift */ = {isa = PBXFileReference; lastKnownFileType = sourcecode.swift; path = Placeholder.swift; sourceTree = "<group>"; };
		1B18F0A72BB9533E00F87C96 /* View+Progress.swift */ = {isa = PBXFileReference; lastKnownFileType = sourcecode.swift; path = "View+Progress.swift"; sourceTree = "<group>"; };
		1B18F0A92BB9535300F87C96 /* View+AlertError.swift */ = {isa = PBXFileReference; lastKnownFileType = sourcecode.swift; path = "View+AlertError.swift"; sourceTree = "<group>"; };
		1B18F0AC2BB953B300F87C96 /* Movie.swift */ = {isa = PBXFileReference; lastKnownFileType = sourcecode.swift; path = Movie.swift; sourceTree = "<group>"; };
		1B18F0B02BB9540500F87C96 /* MoviesRequest.swift */ = {isa = PBXFileReference; lastKnownFileType = sourcecode.swift; path = MoviesRequest.swift; sourceTree = "<group>"; };
		1B18F0B22BB9541A00F87C96 /* MoviesService.swift */ = {isa = PBXFileReference; lastKnownFileType = sourcecode.swift; path = MoviesService.swift; sourceTree = "<group>"; };
		1B18F0B52BB9546200F87C96 /* Coordinator.swift */ = {isa = PBXFileReference; lastKnownFileType = sourcecode.swift; path = Coordinator.swift; sourceTree = "<group>"; };
		1B18F0B82BB954A900F87C96 /* MainViewModel.swift */ = {isa = PBXFileReference; lastKnownFileType = sourcecode.swift; path = MainViewModel.swift; sourceTree = "<group>"; };
		1B18F0BC2BB9550000F87C96 /* MoviesListView.swift */ = {isa = PBXFileReference; lastKnownFileType = sourcecode.swift; path = MoviesListView.swift; sourceTree = "<group>"; };
		1B18F0BE2BB9551700F87C96 /* MovieDetailsView.swift */ = {isa = PBXFileReference; lastKnownFileType = sourcecode.swift; path = MovieDetailsView.swift; sourceTree = "<group>"; };
/* End PBXFileReference section */

/* Begin PBXFrameworksBuildPhase section */
		1B18F0562BB94DC800F87C96 /* Frameworks */ = {
			isa = PBXFrameworksBuildPhase;
			buildActionMask = 2147483647;
			files = (
			);
			runOnlyForDeploymentPostprocessing = 0;
		};
/* End PBXFrameworksBuildPhase section */

/* Begin PBXGroup section */
		1B18F0502BB94DC800F87C96 = {
			isa = PBXGroup;
			children = (
				1B18F05B2BB94DC800F87C96 /* SwiftUIChallenge */,
				1B18F05A2BB94DC800F87C96 /* Products */,
			);
			sourceTree = "<group>";
		};
		1B18F05A2BB94DC800F87C96 /* Products */ = {
			isa = PBXGroup;
			children = (
				1B18F0592BB94DC800F87C96 /* SwiftUIChallenge.app */,
			);
			name = Products;
			sourceTree = "<group>";
		};
		1B18F05B2BB94DC800F87C96 /* SwiftUIChallenge */ = {
			isa = PBXGroup;
			children = (
				1B18F05C2BB94DC800F87C96 /* SwiftUIChallengeApp.swift */,
				1B18F0B72BB9549000F87C96 /* Scenes */,
				1B18F0B42BB9544F00F87C96 /* Coordinator */,
				1B18F0AB2BB9537F00F87C96 /* DTO */,
				1B18F0AE2BB953EA00F87C96 /* Networking */,
				1B18F0A22BB952F300F87C96 /* CommonShared */,
				1B18F0602BB94DCA00F87C96 /* Assets.xcassets */,
				1B18F0A02BB952E400F87C96 /* Movies.json */,
				1B18F0622BB94DCA00F87C96 /* Preview Content */,
			);
			path = SwiftUIChallenge;
			sourceTree = "<group>";
		};
		1B18F0622BB94DCA00F87C96 /* Preview Content */ = {
			isa = PBXGroup;
			children = (
				1B18F0632BB94DCA00F87C96 /* Preview Assets.xcassets */,
			);
			path = "Preview Content";
			sourceTree = "<group>";
		};
		1B18F0A22BB952F300F87C96 /* CommonShared */ = {
			isa = PBXGroup;
			children = (
				1B18F0A32BB9530C00F87C96 /* Views */,
				1B18F0A62BB9532700F87C96 /* SwiftUI+Extension */,
			);
			path = CommonShared;
			sourceTree = "<group>";
		};
		1B18F0A32BB9530C00F87C96 /* Views */ = {
			isa = PBXGroup;
			children = (
				1B18F0A42BB9531900F87C96 /* Placeholder.swift */,
			);
			path = Views;
			sourceTree = "<group>";
		};
		1B18F0A62BB9532700F87C96 /* SwiftUI+Extension */ = {
			isa = PBXGroup;
			children = (
				1B18F0A72BB9533E00F87C96 /* View+Progress.swift */,
				1B18F0A92BB9535300F87C96 /* View+AlertError.swift */,
			);
			path = "SwiftUI+Extension";
			sourceTree = "<group>";
		};
		1B18F0AB2BB9537F00F87C96 /* DTO */ = {
			isa = PBXGroup;
			children = (
				1B18F0AC2BB953B300F87C96 /* Movie.swift */,
			);
			path = DTO;
			sourceTree = "<group>";
		};
		1B18F0AE2BB953EA00F87C96 /* Networking */ = {
			isa = PBXGroup;
			children = (
				1B18F0AF2BB953F700F87C96 /* Movies */,
			);
			path = Networking;
			sourceTree = "<group>";
		};
		1B18F0AF2BB953F700F87C96 /* Movies */ = {
			isa = PBXGroup;
			children = (
				1B18F0B22BB9541A00F87C96 /* MoviesService.swift */,
				1B18F0B02BB9540500F87C96 /* MoviesRequest.swift */,
			);
			path = Movies;
			sourceTree = "<group>";
		};
		1B18F0B42BB9544F00F87C96 /* Coordinator */ = {
			isa = PBXGroup;
			children = (
				1B18F0B52BB9546200F87C96 /* Coordinator.swift */,
			);
			path = Coordinator;
			sourceTree = "<group>";
		};
		1B18F0B72BB9549000F87C96 /* Scenes */ = {
			isa = PBXGroup;
			children = (
				1B18F05E2BB94DC800F87C96 /* MainView.swift */,
				1B18F0B82BB954A900F87C96 /* MainViewModel.swift */,
				1B18F0BA2BB954B200F87C96 /* MoviesListView */,
				1B18F0BB2BB954BE00F87C96 /* MovieDetailsView */,
			);
			path = Scenes;
			sourceTree = "<group>";
		};
		1B18F0BA2BB954B200F87C96 /* MoviesListView */ = {
			isa = PBXGroup;
			children = (
				1B18F0BC2BB9550000F87C96 /* MoviesListView.swift */,
			);
			path = MoviesListView;
			sourceTree = "<group>";
		};
		1B18F0BB2BB954BE00F87C96 /* MovieDetailsView */ = {
			isa = PBXGroup;
			children = (
				1B18F0BE2BB9551700F87C96 /* MovieDetailsView.swift */,
			);
			path = MovieDetailsView;
			sourceTree = "<group>";
		};
/* End PBXGroup section */

/* Begin PBXNativeTarget section */
		1B18F0582BB94DC800F87C96 /* SwiftUIChallenge */ = {
			isa = PBXNativeTarget;
			buildConfigurationList = 1B18F0672BB94DCA00F87C96 /* Build configuration list for PBXNativeTarget "SwiftUIChallenge" */;
			buildPhases = (
				1B18F0552BB94DC800F87C96 /* Sources */,
				1B18F0562BB94DC800F87C96 /* Frameworks */,
				1B18F0572BB94DC800F87C96 /* Resources */,
			);
			buildRules = (
			);
			dependencies = (
			);
			name = SwiftUIChallenge;
			productName = SwiftUIChallenge;
			productReference = 1B18F0592BB94DC800F87C96 /* SwiftUIChallenge.app */;
			productType = "com.apple.product-type.application";
		};
/* End PBXNativeTarget section */

/* Begin PBXProject section */
		1B18F0512BB94DC800F87C96 /* Project object */ = {
			isa = PBXProject;
			attributes = {
				BuildIndependentTargetsInParallel = 1;
				LastSwiftUpdateCheck = 1530;
				LastUpgradeCheck = 1530;
				TargetAttributes = {
					1B18F0582BB94DC800F87C96 = {
						CreatedOnToolsVersion = 15.3;
					};
				};
			};
			buildConfigurationList = 1B18F0542BB94DC800F87C96 /* Build configuration list for PBXProject "SwiftUIChallenge" */;
			compatibilityVersion = "Xcode 14.0";
			developmentRegion = en;
			hasScannedForEncodings = 0;
			knownRegions = (
				en,
				Base,
			);
			mainGroup = 1B18F0502BB94DC800F87C96;
			productRefGroup = 1B18F05A2BB94DC800F87C96 /* Products */;
			projectDirPath = "";
			projectRoot = "";
			targets = (
				1B18F0582BB94DC800F87C96 /* SwiftUIChallenge */,
			);
		};
/* End PBXProject section */

/* Begin PBXResourcesBuildPhase section */
		1B18F0572BB94DC800F87C96 /* Resources */ = {
			isa = PBXResourcesBuildPhase;
			buildActionMask = 2147483647;
			files = (
				1B18F0642BB94DCA00F87C96 /* Preview Assets.xcassets in Resources */,
				1B18F0612BB94DCA00F87C96 /* Assets.xcassets in Resources */,
				1B18F0A12BB952E400F87C96 /* Movies.json in Resources */,
			);
			runOnlyForDeploymentPostprocessing = 0;
		};
/* End PBXResourcesBuildPhase section */

/* Begin PBXSourcesBuildPhase section */
		1B18F0552BB94DC800F87C96 /* Sources */ = {
			isa = PBXSourcesBuildPhase;
			buildActionMask = 2147483647;
			files = (
				1B18F05F2BB94DC800F87C96 /* MainView.swift in Sources */,
				1B18F0A82BB9533E00F87C96 /* View+Progress.swift in Sources */,
				1B18F0B32BB9541A00F87C96 /* MoviesService.swift in Sources */,
				1B18F0B12BB9540500F87C96 /* MoviesRequest.swift in Sources */,
				1B18F0AD2BB953B300F87C96 /* Movie.swift in Sources */,
				1B18F0BD2BB9550000F87C96 /* MoviesListView.swift in Sources */,
				1B18F0BF2BB9551700F87C96 /* MovieDetailsView.swift in Sources */,
				1B18F0B92BB954A900F87C96 /* MainViewModel.swift in Sources */,
				1B18F05D2BB94DC800F87C96 /* SwiftUIChallengeApp.swift in Sources */,
				1B18F0AA2BB9535300F87C96 /* View+AlertError.swift in Sources */,
				1B18F0A52BB9531900F87C96 /* Placeholder.swift in Sources */,
				1B18F0B62BB9546200F87C96 /* Coordinator.swift in Sources */,
			);
			runOnlyForDeploymentPostprocessing = 0;
		};
/* End PBXSourcesBuildPhase section */

/* Begin XCBuildConfiguration section */
		1B18F0652BB94DCA00F87C96 /* Debug */ = {
			isa = XCBuildConfiguration;
			buildSettings = {
				ALWAYS_SEARCH_USER_PATHS = NO;
				ASSETCATALOG_COMPILER_GENERATE_SWIFT_ASSET_SYMBOL_EXTENSIONS = YES;
				CLANG_ANALYZER_NONNULL = YES;
				CLANG_ANALYZER_NUMBER_OBJECT_CONVERSION = YES_AGGRESSIVE;
				CLANG_CXX_LANGUAGE_STANDARD = "gnu++20";
				CLANG_ENABLE_MODULES = YES;
				CLANG_ENABLE_OBJC_ARC = YES;
				CLANG_ENABLE_OBJC_WEAK = YES;
				CLANG_WARN_BLOCK_CAPTURE_AUTORELEASING = YES;
				CLANG_WARN_BOOL_CONVERSION = YES;
				CLANG_WARN_COMMA = YES;
				CLANG_WARN_CONSTANT_CONVERSION = YES;
				CLANG_WARN_DEPRECATED_OBJC_IMPLEMENTATIONS = YES;
				CLANG_WARN_DIRECT_OBJC_ISA_USAGE = YES_ERROR;
				CLANG_WARN_DOCUMENTATION_COMMENTS = YES;
				CLANG_WARN_EMPTY_BODY = YES;
				CLANG_WARN_ENUM_CONVERSION = YES;
				CLANG_WARN_INFINITE_RECURSION = YES;
				CLANG_WARN_INT_CONVERSION = YES;
				CLANG_WARN_NON_LITERAL_NULL_CONVERSION = YES;
				CLANG_WARN_OBJC_IMPLICIT_RETAIN_SELF = YES;
				CLANG_WARN_OBJC_LITERAL_CONVERSION = YES;
				CLANG_WARN_OBJC_ROOT_CLASS = YES_ERROR;
				CLANG_WARN_QUOTED_INCLUDE_IN_FRAMEWORK_HEADER = YES;
				CLANG_WARN_RANGE_LOOP_ANALYSIS = YES;
				CLANG_WARN_STRICT_PROTOTYPES = YES;
				CLANG_WARN_SUSPICIOUS_MOVE = YES;
				CLANG_WARN_UNGUARDED_AVAILABILITY = YES_AGGRESSIVE;
				CLANG_WARN_UNREACHABLE_CODE = YES;
				CLANG_WARN__DUPLICATE_METHOD_MATCH = YES;
				COPY_PHASE_STRIP = NO;
				DEBUG_INFORMATION_FORMAT = dwarf;
				ENABLE_STRICT_OBJC_MSGSEND = YES;
				ENABLE_TESTABILITY = YES;
				ENABLE_USER_SCRIPT_SANDBOXING = YES;
				GCC_C_LANGUAGE_STANDARD = gnu17;
				GCC_DYNAMIC_NO_PIC = NO;
				GCC_NO_COMMON_BLOCKS = YES;
				GCC_OPTIMIZATION_LEVEL = 0;
				GCC_PREPROCESSOR_DEFINITIONS = (
					"DEBUG=1",
					"$(inherited)",
				);
				GCC_WARN_64_TO_32_BIT_CONVERSION = YES;
				GCC_WARN_ABOUT_RETURN_TYPE = YES_ERROR;
				GCC_WARN_UNDECLARED_SELECTOR = YES;
				GCC_WARN_UNINITIALIZED_AUTOS = YES_AGGRESSIVE;
				GCC_WARN_UNUSED_FUNCTION = YES;
				GCC_WARN_UNUSED_VARIABLE = YES;
				IPHONEOS_DEPLOYMENT_TARGET = 17.4;
				LOCALIZATION_PREFERS_STRING_CATALOGS = YES;
				MTL_ENABLE_DEBUG_INFO = INCLUDE_SOURCE;
				MTL_FAST_MATH = YES;
				ONLY_ACTIVE_ARCH = YES;
				SDKROOT = iphoneos;
				SWIFT_ACTIVE_COMPILATION_CONDITIONS = "DEBUG $(inherited)";
				SWIFT_OPTIMIZATION_LEVEL = "-Onone";
			};
			name = Debug;
		};
		1B18F0662BB94DCA00F87C96 /* Release */ = {
			isa = XCBuildConfiguration;
			buildSettings = {
				ALWAYS_SEARCH_USER_PATHS = NO;
				ASSETCATALOG_COMPILER_GENERATE_SWIFT_ASSET_SYMBOL_EXTENSIONS = YES;
				CLANG_ANALYZER_NONNULL = YES;
				CLANG_ANALYZER_NUMBER_OBJECT_CONVERSION = YES_AGGRESSIVE;
				CLANG_CXX_LANGUAGE_STANDARD = "gnu++20";
				CLANG_ENABLE_MODULES = YES;
				CLANG_ENABLE_OBJC_ARC = YES;
				CLANG_ENABLE_OBJC_WEAK = YES;
				CLANG_WARN_BLOCK_CAPTURE_AUTORELEASING = YES;
				CLANG_WARN_BOOL_CONVERSION = YES;
				CLANG_WARN_COMMA = YES;
				CLANG_WARN_CONSTANT_CONVERSION = YES;
				CLANG_WARN_DEPRECATED_OBJC_IMPLEMENTATIONS = YES;
				CLANG_WARN_DIRECT_OBJC_ISA_USAGE = YES_ERROR;
				CLANG_WARN_DOCUMENTATION_COMMENTS = YES;
				CLANG_WARN_EMPTY_BODY = YES;
				CLANG_WARN_ENUM_CONVERSION = YES;
				CLANG_WARN_INFINITE_RECURSION = YES;
				CLANG_WARN_INT_CONVERSION = YES;
				CLANG_WARN_NON_LITERAL_NULL_CONVERSION = YES;
				CLANG_WARN_OBJC_IMPLICIT_RETAIN_SELF = YES;
				CLANG_WARN_OBJC_LITERAL_CONVERSION = YES;
				CLANG_WARN_OBJC_ROOT_CLASS = YES_ERROR;
				CLANG_WARN_QUOTED_INCLUDE_IN_FRAMEWORK_HEADER = YES;
				CLANG_WARN_RANGE_LOOP_ANALYSIS = YES;
				CLANG_WARN_STRICT_PROTOTYPES = YES;
				CLANG_WARN_SUSPICIOUS_MOVE = YES;
				CLANG_WARN_UNGUARDED_AVAILABILITY = YES_AGGRESSIVE;
				CLANG_WARN_UNREACHABLE_CODE = YES;
				CLANG_WARN__DUPLICATE_METHOD_MATCH = YES;
				COPY_PHASE_STRIP = NO;
				DEBUG_INFORMATION_FORMAT = "dwarf-with-dsym";
				ENABLE_NS_ASSERTIONS = NO;
				ENABLE_STRICT_OBJC_MSGSEND = YES;
				ENABLE_USER_SCRIPT_SANDBOXING = YES;
				GCC_C_LANGUAGE_STANDARD = gnu17;
				GCC_NO_COMMON_BLOCKS = YES;
				GCC_WARN_64_TO_32_BIT_CONVERSION = YES;
				GCC_WARN_ABOUT_RETURN_TYPE = YES_ERROR;
				GCC_WARN_UNDECLARED_SELECTOR = YES;
				GCC_WARN_UNINITIALIZED_AUTOS = YES_AGGRESSIVE;
				GCC_WARN_UNUSED_FUNCTION = YES;
				GCC_WARN_UNUSED_VARIABLE = YES;
				IPHONEOS_DEPLOYMENT_TARGET = 17.4;
				LOCALIZATION_PREFERS_STRING_CATALOGS = YES;
				MTL_ENABLE_DEBUG_INFO = NO;
				MTL_FAST_MATH = YES;
				SDKROOT = iphoneos;
				SWIFT_COMPILATION_MODE = wholemodule;
				VALIDATE_PRODUCT = YES;
			};
			name = Release;
		};
		1B18F0682BB94DCA00F87C96 /* Debug */ = {
			isa = XCBuildConfiguration;
			buildSettings = {
				ASSETCATALOG_COMPILER_APPICON_NAME = AppIcon;
				ASSETCATALOG_COMPILER_GLOBAL_ACCENT_COLOR_NAME = AccentColor;
				CODE_SIGN_STYLE = Automatic;
				CURRENT_PROJECT_VERSION = 1;
				DEVELOPMENT_ASSET_PATHS = "\"SwiftUIChallenge/Preview Content\"";
				DEVELOPMENT_TEAM = YU7DP9Q269;
				ENABLE_PREVIEWS = YES;
				GENERATE_INFOPLIST_FILE = YES;
				INFOPLIST_KEY_UIApplicationSceneManifest_Generation = YES;
				INFOPLIST_KEY_UIApplicationSupportsIndirectInputEvents = YES;
				INFOPLIST_KEY_UILaunchScreen_Generation = YES;
				INFOPLIST_KEY_UISupportedInterfaceOrientations_iPad = "UIInterfaceOrientationPortrait UIInterfaceOrientationPortraitUpsideDown UIInterfaceOrientationLandscapeLeft UIInterfaceOrientationLandscapeRight";
				INFOPLIST_KEY_UISupportedInterfaceOrientations_iPhone = "UIInterfaceOrientationPortrait UIInterfaceOrientationLandscapeLeft UIInterfaceOrientationLandscapeRight";
				LD_RUNPATH_SEARCH_PATHS = (
					"$(inherited)",
					"@executable_path/Frameworks",
				);
				MARKETING_VERSION = 1.0;
				PRODUCT_BUNDLE_IDENTIFIER = com.private.SwiftUIChallenge;
				PRODUCT_NAME = "$(TARGET_NAME)";
				SWIFT_EMIT_LOC_STRINGS = YES;
				SWIFT_VERSION = 5.0;
				TARGETED_DEVICE_FAMILY = "1,2";
			};
			name = Debug;
		};
		1B18F0692BB94DCA00F87C96 /* Release */ = {
			isa = XCBuildConfiguration;
			buildSettings = {
				ASSETCATALOG_COMPILER_APPICON_NAME = AppIcon;
				ASSETCATALOG_COMPILER_GLOBAL_ACCENT_COLOR_NAME = AccentColor;
				CODE_SIGN_STYLE = Automatic;
				CURRENT_PROJECT_VERSION = 1;
				DEVELOPMENT_ASSET_PATHS = "\"SwiftUIChallenge/Preview Content\"";
				DEVELOPMENT_TEAM = YU7DP9Q269;
				ENABLE_PREVIEWS = YES;
				GENERATE_INFOPLIST_FILE = YES;
				INFOPLIST_KEY_UIApplicationSceneManifest_Generation = YES;
				INFOPLIST_KEY_UIApplicationSupportsIndirectInputEvents = YES;
				INFOPLIST_KEY_UILaunchScreen_Generation = YES;
				INFOPLIST_KEY_UISupportedInterfaceOrientations_iPad = "UIInterfaceOrientationPortrait UIInterfaceOrientationPortraitUpsideDown UIInterfaceOrientationLandscapeLeft UIInterfaceOrientationLandscapeRight";
				INFOPLIST_KEY_UISupportedInterfaceOrientations_iPhone = "UIInterfaceOrientationPortrait UIInterfaceOrientationLandscapeLeft UIInterfaceOrientationLandscapeRight";
				LD_RUNPATH_SEARCH_PATHS = (
					"$(inherited)",
					"@executable_path/Frameworks",
				);
				MARKETING_VERSION = 1.0;
				PRODUCT_BUNDLE_IDENTIFIER = com.private.SwiftUIChallenge;
				PRODUCT_NAME = "$(TARGET_NAME)";
				SWIFT_EMIT_LOC_STRINGS = YES;
				SWIFT_VERSION = 5.0;
				TARGETED_DEVICE_FAMILY = "1,2";
			};
			name = Release;
		};
/* End XCBuildConfiguration section */

/* Begin XCConfigurationList section */
		1B18F0542BB94DC800F87C96 /* Build configuration list for PBXProject "SwiftUIChallenge" */ = {
			isa = XCConfigurationList;
			buildConfigurations = (
				1B18F0652BB94DCA00F87C96 /* Debug */,
				1B18F0662BB94DCA00F87C96 /* Release */,
			);
			defaultConfigurationIsVisible = 0;
			defaultConfigurationName = Release;
		};
		1B18F0672BB94DCA00F87C96 /* Build configuration list for PBXNativeTarget "SwiftUIChallenge" */ = {
			isa = XCConfigurationList;
			buildConfigurations = (
				1B18F0682BB94DCA00F87C96 /* Debug */,
				1B18F0692BB94DCA00F87C96 /* Release */,
			);
			defaultConfigurationIsVisible = 0;
			defaultConfigurationName = Release;
		};
/* End XCConfigurationList section */
	};
	rootObject = 1B18F0512BB94DC800F87C96 /* Project object */;
}
